lockfileVersion: '9.0'

settings:
  autoInstallPeers: true
  excludeLinksFromLockfile: false

importers:

  .:
    dependencies:
      '@kontourai/surface':
        specifier: 2.14.0
        version: 2.14.0
      ajv:
        specifier: 8.20.0
        version: 8.20.0
      ajv-formats:
        specifier: 3.0.1
        version: 3.0.1(ajv@8.20.0)
      hachure:
        specifier: 0.15.0
        version: 0.15.0
    devDependencies:
      '@kontourai/ui':
        specifier: ^1.1.0
        version: 1.1.0(react@19.2.7)
      '@playwright/test':
        specifier: ^1.60.0
        version: 1.60.0
      '@types/node':
        specifier: ^25.9.2
        version: 25.9.2
      marked:
        specifier: ^16.4.2
        version: 16.4.2
      playwright:
        specifier: ^1.60.0
        version: 1.60.0
      typescript:
        specifier: ^6.0.3
        version: 6.0.3

packages:

  '@gar/promise-retry@1.0.3':
    resolution: {integrity: sha512-GmzA9ckNokPypTg10pgpeHNQe7ph+iIKKmhKu3Ob9ANkswreCx7R3cKmY781K8QK3AqVL3xVh9A42JvIAbkkSA==}
    engines: {node: ^20.17.0 || >=22.9.0}

  '@kontourai/surface@2.14.0':
    resolution: {integrity: sha512-OiSOUHStjZvfWJe1nXXm3vfbgUvkc3Dc3THqTXbMK70wjKAHfDgz06TwBLeRp3oNJKEIh9xNDYCFT+TqQ7EYrQ==}
    engines: {node: '>=22'}
    hasBin: true

  '@kontourai/ui@1.1.0':
    resolution: {integrity: sha512-31x7g1P8RZ16ke/uhYdY2LKnDcihc8v+3kI1m2XyutTSKmowB6io/3n4T+dVqydDrrgDgIC0NqjmWof8mt9Yhw==}
    engines: {node: '>=22'}
    peerDependencies:
      react: ^19.0.0

  '@npmcli/agent@5.0.2':
    resolution: {integrity: sha512-EkzGmEsgbQ1rqWkRJe2P0oQHx/ylZozDUNPMXCklLuSFL3GY+QyEfBUjhjCsgGXzh4OGpnHvkboSQgczjP/jJg==}
    engines: {node: ^22.22.2 || ^24.15.0 || >=26.0.0}

  '@npmcli/fs@6.0.0':
    resolution: {integrity: sha512-AheOs4swKka/XLtht6xxJDPezlQ7K2IYQ9Y8lST4JLDjnralnWuMM9AE2CdVcgQJ5omrXhsRzM7F7aYmeZBvKQ==}
    engines: {node: ^22.22.2 || ^24.15.0 || >=26.0.0}

  '@npmcli/redact@5.0.0':
    resolution: {integrity: sha512-3zcN5Q3yEmeyxXBzqB6fXPQFzYa2ROsGFSr69W0ArXIAGJqxl/aFECOVPD2kbkYPm0U/EHxFKgclK3UA9WQg5A==}
    engines: {node: ^22.22.2 || ^24.15.0 || >=26.0.0}

  '@playwright/test@1.60.0':
    resolution: {integrity: sha512-O71yZIbAh/PxDMNGns37GHBIfrVkEVyn+AXyIa5dOTfb4/xNvRWV+Vv/NMbNCtODB/pO7vLlF2OTmMVLhmr7Ag==}
    engines: {node: '>=18'}
    hasBin: true

  '@sigstore/bundle@5.0.0':
    resolution: {integrity: sha512-wefjygudENbzbQMks1t5u34EP0fFoD0XvaEP7DOUP/sXKvogzEJYFw5E6pegGyp3onGWzVEYKVa3bNZWyTYX+A==}
    engines: {node: ^22.22.2 || ^24.15.0 || >=26.0.0}

  '@sigstore/core@4.0.1':
    resolution: {integrity: sha512-9v5hRjujn5NXq8o7XFEUgLyAtdr5Iisb4pzM05u3K61IS5q3hP3luWAndk0RkPPLTUFoTbg7Vb84UQ1ZQeajWQ==}
    engines: {node: ^22.22.2 || ^24.15.0 || >=26.0.0}

  '@sigstore/protobuf-specs@0.5.1':
    resolution: {integrity: sha512-/ScWUhhoFasJsSRGTVBwId1loQjjnjAfE4djL6ZhrXRpNCmPTnUKF5Jokd58ILseOMjzET3UrMOtJPS9sYeI0g==}
    engines: {node: ^18.17.0 || >=20.5.0}

  '@sigstore/sign@5.0.0':
    resolution: {integrity: sha512-DSFivqz9/i5AkwZ5fq0YdjaJlc4o1WeS2Zffon0kqtChx0vy4W9NOjkEet9bF2vkzOufX72eVH8kZBIGtcBp1w==}
    engines: {node: ^22.22.2 || ^24.15.0 || >=26.0.0}

  '@sigstore/verify@4.1.0':
    resolution: {integrity: sha512-p/s720RiWxLG8XtmfdPfEJOlATA6H/2knFqmtQbFkHKN3IrhWGUwPfpQAf1UnQIEES9IaH6zzhfjkrhTfeSdZw==}
    engines: {node: ^22.22.2 || ^24.15.0 || >=26.0.0}

  '@types/node@25.9.2':
    resolution: {integrity: sha512-G05zqtJhcDLb8uslf5EjCxXg9G1KQxiV8OS0R26IC//Eoyitzqe8z37I7cqvnZlrlSfgocQRfSn/AHBZJJFyGw==}

  agent-base@9.0.0:
    resolution: {integrity: sha512-TQf59BsZnytt8GdJKLPfUZ54g/iaUL2OWDSFCCvMOhsHduDQxO8xC4PNeyIkVcA5KwL2phPSv0douC0fgWzmnA==}
    engines: {node: '>= 20'}

  ajv-formats@3.0.1:
    resolution: {integrity: sha512-8iUql50EUR+uUcdRQ3HDqa6EVyo3docL8g5WJ3FNcWmu62IbkGUue/pEyLBW8VGKKucTPgqeks4fIU1DA4yowQ==}
    peerDependencies:
      ajv: ^8.0.0
    peerDependenciesMeta:
      ajv:
        optional: true

  ajv@8.20.0:
    resolution: {integrity: sha512-Thbli+OlOj+iMPYFBVBfJ3OmCAnaSyNn4M1vz9T6Gka5Jt9ba/HIR56joy65tY6kx/FCF5VXNB819Y7/GUrBGA==}

  balanced-match@4.0.4:
    resolution: {integrity: sha512-BLrgEcRTwX2o6gGxGOCNyMvGSp35YofuYzw9h1IMTRmKqttAZZVU67bdb9Pr2vUHA8+j3i2tJfjO6C6+4myGTA==}
    engines: {node: 18 || 20 || >=22}

  brace-expansion@5.0.9:
    resolution: {integrity: sha512-ScQ4IuvIEF1TMlP7Zt+vjJ//9zlPb2SDcxWxM3bk8s6t6GGdJ7KO1dCcTidOPJKePW30LE/2cT7wCyPho9/Wxg==}
    engines: {node: 20 || >=22}

  cacache@21.0.1:
    resolution: {integrity: sha512-pTwz/uj3Jyp6WXdJ6fWhR+7LVxVs6RyroQSn7KJwHsSxXuyGSp0pcMVcwSwTpCFq1X2YG8QBe0W+vN+cr0SwzA==}
    engines: {node: ^22.22.2 || ^24.15.0 || >=26.0.0}

  debug@4.4.3:
    resolution: {integrity: sha512-RGwwWnwQvkVfavKVt22FGLw+xYSdzARwm0ru6DhTVA3umU5hZc28V3kO4stgYryrTlLpuvgI9GiijltAjNbcqA==}
    engines: {node: '>=6.0'}
    peerDependencies:
      supports-color: '*'
    peerDependenciesMeta:
      supports-color:
        optional: true

  fast-deep-equal@3.1.3:
    resolution: {integrity: sha512-f3qQ9oQy9j2AhBe/H9VC91wLmKBCCU/gDOnKNAYG5hswO7BLKj09Hc5HYNz9cGI++xlpDCIgDaitVs03ATR84Q==}

  fast-uri@3.1.5:
    resolution: {integrity: sha512-gHwA1O9LDIcKunMKhObS/HimwtehO1nPUECKAu5TpKgaO19fcWEl4bliWe1jWxVFvIXztJjjQ4L8XQ1EU9f7Jw==}

  fs-minipass@3.0.3:
    resolution: {integrity: sha512-XUBA9XClHbnJWSfBzjkm6RvPsyg3sryZt06BEQoXcF7EK/xpGaQYJgQKDJSUH5SGZ76Y7pFx1QBnXz09rU5Fbw==}
    engines: {node: ^14.17.0 || ^16.13.0 || >=18.0.0}

  fsevents@2.3.2:
    resolution: {integrity: sha512-xiqMQR4xAeHTuB9uWm+fFRcIOgKBMiOBP+eXiyT7jsgVCq1bkVygt00oASowB7EdtpOHaaPgKt812P9ab+DDKA==}
    engines: {node: ^8.16.0 || ^10.6.0 || >=11.0.0}
    os: [darwin]

  glob@13.0.6:
    resolution: {integrity: sha512-Wjlyrolmm8uDpm/ogGyXZXb1Z+Ca2B8NbJwqBVg0axK9GbBeoS7yGV6vjXnYdGm6X53iehEuxxbyiKp8QmN4Vw==}
    engines: {node: 18 || 20 || >=22}

  hachure@0.15.0:
    resolution: {integrity: sha512-4YKLShbDKG+k52lJvH9shup7UYAX7pW+EA8c/4dx3RQFqCmORHl9gjJrM9vUljuTml/haTJgWYPd1G1MWmrm8Q==}
    hasBin: true

  http-cache-semantics@4.2.0:
    resolution: {integrity: sha512-dTxcvPXqPvXBQpq5dUr6mEMJX4oIEFv6bwom3FDwKRDsuIjjJGANqhBuoAn9c1RQJIdAKav33ED65E2ys+87QQ==}

  http-proxy-agent@9.1.0:
    resolution: {integrity: sha512-2NxoveTT58mjYT4n3RPTEfCZGLMbidoO8XEieXfpSYxu+PQJ1qpx4ypwH6N+uF9twBPIvRRgvkvW5HUTYWENig==}
    engines: {node: '>= 20'}

  https-proxy-agent@9.1.0:
    resolution: {integrity: sha512-ag87y7cJJ9/3+GxFr8Oy4O5faDsGRGnBGsJj/YjOSsSx/5eadKLYTMPlzuR6obgoCDDm0abAAZitXXQkMOPSpA==}
    engines: {node: '>= 20'}

  iconv-lite@0.7.3:
    resolution: {integrity: sha512-IKXpvIzjnC9XTAUbVBcMfGS0EPaIXtW6v+zr+RRp+hqULEpo0owZax6wyRwPOJbWbzjYspQwusTsfVr0ifh4uQ==}
    engines: {node: '>=0.10.0'}

  ip-address@10.4.0:
    resolution: {integrity: sha512-oSK96Grm3aP6OrS263xVxbNDGVL7rzBtYdpGqlDG8iQdoenDoTs/nkki+DflYbAEE8Xl6o5YxhxlrKvI3nqKXQ==}
    engines: {node: '>= 12'}

  json-schema-traverse@1.0.0:
    resolution: {integrity: sha512-NM8/P9n3XjXhIZn1lLhkFaACTOURQXjWhV4BA/RnOv8xvgqtqpAX9IO4mRQxSx1Rlo4tqzeqb0sOlruaOy3dug==}

  lru-cache@11.5.2:
    resolution: {integrity: sha512-4pfM1Ff0x50o0tQwb5ucw/RzNyD0/YJME6IVcStalZuMWxdt3sR3huStTtxz4PUmvZfRguvDejasvQ2kifR11g==}
    engines: {node: 20 || >=22}

  make-fetch-happen@16.0.1:
    resolution: {integrity: sha512-uUv1yxHzaKVVEPfcFeGSNov/Cehjv08ovlY8ImTljgL7Q+SiA0dAYLQ6SYVa2kkKqNj4Y3aZEI7xv2teadie0A==}
    engines: {node: ^22.22.2 || ^24.15.0 || >=26.0.0}

  marked@16.4.2:
    resolution: {integrity: sha512-TI3V8YYWvkVf3KJe1dRkpnjs68JUPyEa5vjKrp1XEEJUAOaQc+Qj+L1qWbPd0SJuAdQkFU0h73sXXqwDYxsiDA==}
    engines: {node: '>= 20'}
    hasBin: true

  minimatch@10.2.6:
    resolution: {integrity: sha512-vpLQEs+VLCr1nU0BXS07maYoFwlDAH0gngQuuttxIwutDFEMHq2blX+8vpgxDdK3J1PwjCJiep77OitTZ4Ll1A==}
    engines: {node: 18 || 20 || >=22}

  minipass-collect@2.0.1:
    resolution: {integrity: sha512-D7V8PO9oaz7PWGLbCACuI1qEOsq7UKfLotx/C0Aet43fCUB/wfQ7DYeq2oR/svFJGYDHPr38SHATeaj/ZoKHKw==}
    engines: {node: '>=16 || 14 >=14.17'}

  minipass-fetch@6.0.0:
    resolution: {integrity: sha512-AWI8bKapGmgx/J0E6IGYSKj8TiHebZkmKWSs8raPSw8KXwgEAJ+Bw3+LSdXHR6T/RHKAWCOYk2MiLrYluaUU6w==}
    engines: {node: ^22.22.2 || ^24.15.0 || >=26.0.0}

  minipass-flush@1.0.7:
    resolution: {integrity: sha512-TbqTz9cUwWyHS2Dy89P3ocAGUGxKjjLuR9z8w4WUTGAVgEj17/4nhgo2Du56i0Fm3Pm30g4iA8Lcqctc76jCzA==}
    engines: {node: '>= 8'}

  minipass-pipeline@1.2.4:
    resolution: {integrity: sha512-xuIq7cIOt09RPRJ19gdi4b+RiNvDFYe5JH+ggNvBqGqpQXcru3PcRmOZuHBKWK1Txf9+cQ+HMVN4d6z46LZP7A==}
    engines: {node: '>=8'}

  minipass-sized@2.0.0:
    resolution: {integrity: sha512-zSsHhto5BcUVM2m1LurnXY6M//cGhVaegT71OfOXoprxT6o780GZd792ea6FfrQkuU4usHZIUczAQMRUE2plzA==}
    engines: {node: '>=8'}

  minipass@3.3.6:
    resolution: {integrity: sha512-DxiNidxSEK+tHG6zOIklvNOwm3hvCrbUrdtzY74U6HKTJxvIDfOUL5W5P2Ghd3DTkhhKPYGqeNUIh5qcM4YBfw==}
    engines: {node: '>=8'}

  minipass@7.1.3:
    resolution: {integrity: sha512-tEBHqDnIoM/1rXME1zgka9g6Q2lcoCkxHLuc7ODJ5BxbP5d4c2Z5cGgtXAku59200Cx7diuHTOYfSBD8n6mm8A==}
    engines: {node: '>=16 || 14 >=14.17'}

  minizlib@3.1.0:
    resolution: {integrity: sha512-KZxYo1BUkWD2TVFLr0MQoM8vUUigWD3LlD83a/75BqC+4qE0Hb1Vo5v1FgcfaNXvfXzr+5EhQ6ing/CaBijTlw==}
    engines: {node: '>= 18'}

  ms@2.1.3:
    resolution: {integrity: sha512-6FlzubTLZG3J2a/NVCAleEhjzq5oxgHyaCU9yYXvcLsvoVaHJq/s5xXI6/XXP6tz7R9xAOtHnSO/tXtF3WRTlA==}

  negotiator@1.0.0:
    resolution: {integrity: sha512-8Ofs/AUQh8MaEcrlq5xOX0CQ9ypTF5dl78mjlMNfOK08fzpgTHQRQPBxcPlEtIw0yRpws+Zo/3r+5WRby7u3Gg==}
    engines: {node: '>= 0.6'}

  p-map@7.0.6:
    resolution: {integrity: sha512-I4Prw6ivkd6p8PiYR1tXASOAOBzIJwu0TB7fqaX0c/8c3QAehNYmX57EijyGGGBt3c/BIowGwV03RVBtXvHEVg==}
    engines: {node: '>=18'}

  path-scurry@2.0.2:
    resolution: {integrity: sha512-3O/iVVsJAPsOnpwWIeD+d6z/7PmqApyQePUtCndjatj/9I5LylHvt5qluFaBT3I5h3r1ejfR056c+FCv+NnNXg==}
    engines: {node: 18 || 20 || >=22}

  playwright-core@1.60.0:
    resolution: {integrity: sha512-9bW6zvX/m0lEbgTKJ6YppOKx8H3VOPBMOCFh2irXFOT4BbHgrx5hPjwJYLT40Lu+4qtD36qKc/Hn56StUW57IA==}
    engines: {node: '>=18'}
    hasBin: true

  playwright@1.60.0:
    resolution: {integrity: sha512-hheHdokM8cdqCb0lcE3s+zT4t4W+vvjpGxsZlDnikarzx8tSzMebh3UiFtgqwFwnTnjYQcsyMF8ei2mCO/tpeA==}
    engines: {node: '>=18'}
    hasBin: true

  proc-log@7.0.0:
    resolution: {integrity: sha512-FYgfaA69XZ93zaXLoMNQ+ViDXGGBgR8aLh03txzcFhV+9xOXx7+8DLCULrKKpR9+GsH9ZfHm82aSUPpozX0Ztg==}
    engines: {node: ^22.22.2 || ^24.15.0 || >=26.0.0}

  proxy-agent-negotiate@1.1.0:
    resolution: {integrity: sha512-N8IBcM3UgCVzz2L2Lqv8DVntDnnC8/hiV4nEDUPkqq72TPUgYWjQc+bdZlBPZK9LzPAvOY//gAt0S0DApoOXWQ==}
    engines: {node: '>= 20'}
    peerDependencies:
      kerberos: ^2.0.0
    peerDependenciesMeta:
      kerberos:
        optional: true

  react@19.2.7:
    resolution: {integrity: sha512-HNe9WslTbXmFK8o8cmwgAeJFSBvt1bPdHCVKtaaV+WlAN36mpT4hcRpwbf3fY56ar2oIXzsBpOAiIRHAdY0OlQ==}
    engines: {node: '>=0.10.0'}

  require-from-string@2.0.2:
    resolution: {integrity: sha512-Xf0nWe6RseziFMu+Ap9biiUbmplq6S9/p+7w7YXP/JBHhrUDDUhwa+vANyubuqfZWTveU//DYVGsDG7RKL/vEw==}
    engines: {node: '>=0.10.0'}

  safer-buffer@2.1.2:
    resolution: {integrity: sha512-YZo3K82SD7Riyi0E1EQPojLz7kpepnSQI9IyPbHHg1XXXevb5dJI7tpyN2ADxGcQbHG7vcyRHk0cbwqcQriUtg==}

  semver@7.8.5:
    resolution: {integrity: sha512-Y7/KDsb8LjooZpwaqGyulO6DQlksgCncchHGk+sZIY4SBvUocMBEFH5Ur1fI4dV+Jvl0w6cjvucaIi40puRioA==}
    engines: {node: '>=10'}
    hasBin: true

  smart-buffer@4.2.0:
    resolution: {integrity: sha512-94hK0Hh8rPqQl2xXc3HsaBoOXKV20MToPkcXvwbISWLEs+64sBq5kFgn2kJDHb1Pry9yrP0dxrCI9RRci7RXKg==}
    engines: {node: '>= 6.0.0', npm: '>= 3.0.0'}

  socks-proxy-agent@10.1.0:
    resolution: {integrity: sha512-WlMj/67cEJ6MDI1OcsnjuYKDNDoyPCCYZ249kuuXPiMDw9F8PXkVaQ7YWu3siTydfQ/4BEZcvGzu+aYvz7dDCQ==}
    engines: {node: '>= 20'}

  socks@2.8.9:
    resolution: {integrity: sha512-LJhUYUvItdQ0LkJTmPeaEObWXAqFyfmP85x0tch/ez9cahmhlBBLbIqDFnvBnUJGagb0JbIQrkBs1wJ+yRYpEw==}
    engines: {node: '>= 10.0.0', npm: '>= 3.0.0'}

  ssri@14.0.0:
    resolution: {integrity: sha512-jQxKI0yx0ZnTKrqjKkLDV2DXkBQn3k49JVmVqDGcDwKDtGDbImD/GXsq04KD0VVzCQQ9wZJYal3RwR1GzWTSow==}
    engines: {node: ^22.22.2 || ^24.15.0 || >=26.0.0}

  typescript@6.0.3:
    resolution: {integrity: sha512-y2TvuxSZPDyQakkFRPZHKFm+KKVqIisdg9/CZwm9ftvKXLP8NRWj38/ODjNbr43SsoXqNuAisEf1GdCxqWcdBw==}
    engines: {node: '>=14.17'}
    hasBin: true

  undici-types@7.24.6:
    resolution: {integrity: sha512-WRNW+sJgj5OBN4/0JpHFqtqzhpbnV0GuB+OozA9gCL7a993SmU+1JBZCzLNxYsbMfIeDL+lTsphD5jN5N+n0zg==}

  yallist@4.0.0:
    resolution: {integrity: sha512-3wdGidZyq5PB084XLES5TpOSRA3wjXAlIWMhum2kRcv/41Sn2emQ0dycQW4uZXLejwKvg6EsvbdlVL+FYEct7A==}

snapshots:

  '@gar/promise-retry@1.0.3':
    optional: true

  '@kontourai/surface@2.14.0':
    optionalDependencies:
      '@sigstore/sign': 5.0.0
      '@sigstore/verify': 4.1.0
    transitivePeerDependencies:
      - kerberos
      - supports-color

  '@kontourai/ui@1.1.0(react@19.2.7)':
    dependencies:
      react: 19.2.7

  '@npmcli/agent@5.0.2':
    dependencies:
      agent-base: 9.0.0
      http-proxy-agent: 9.1.0
      https-proxy-agent: 9.1.0
      lru-cache: 11.5.2
      socks-proxy-agent: 10.1.0
    transitivePeerDependencies:
      - kerberos
      - supports-color
    optional: true

  '@npmcli/fs@6.0.0':
    dependencies:
      semver: 7.8.5
    optional: true

  '@npmcli/redact@5.0.0':
    optional: true

  '@playwright/test@1.60.0':
    dependencies:
      playwright: 1.60.0

  '@sigstore/bundle@5.0.0':
    dependencies:
      '@sigstore/protobuf-specs': 0.5.1
    optional: true

  '@sigstore/core@4.0.1':
    optional: true

  '@sigstore/protobuf-specs@0.5.1':
    optional: true

  '@sigstore/sign@5.0.0':
    dependencies:
      '@gar/promise-retry': 1.0.3
      '@sigstore/bundle': 5.0.0
      '@sigstore/core': 4.0.1
      '@sigstore/protobuf-specs': 0.5.1
      make-fetch-happen: 16.0.1
      proc-log: 7.0.0
    transitivePeerDependencies:
      - kerberos
      - supports-color
    optional: true

  '@sigstore/verify@4.1.0':
    dependencies:
      '@sigstore/bundle': 5.0.0
      '@sigstore/core': 4.0.1
      '@sigstore/protobuf-specs': 0.5.1
    optional: true

  '@types/node@25.9.2':
    dependencies:
      undici-types: 7.24.6

  agent-base@9.0.0:
    optional: true

  ajv-formats@3.0.1(ajv@8.20.0):
    optionalDependencies:
      ajv: 8.20.0

  ajv@8.20.0:
    dependencies:
      fast-deep-equal: 3.1.3
      fast-uri: 3.1.5
      json-schema-traverse: 1.0.0
      require-from-string: 2.0.2

  balanced-match@4.0.4:
    optional: true

  brace-expansion@5.0.9:
    dependencies:
      balanced-match: 4.0.4
    optional: true

  cacache@21.0.1:
    dependencies:
      '@npmcli/fs': 6.0.0
      fs-minipass: 3.0.3
      glob: 13.0.6
      lru-cache: 11.5.2
      minipass: 7.1.3
      minipass-collect: 2.0.1
      minipass-flush: 1.0.7
      minipass-pipeline: 1.2.4
      p-map: 7.0.6
      ssri: 14.0.0
    optional: true

  debug@4.4.3:
    dependencies:
      ms: 2.1.3
    optional: true

  fast-deep-equal@3.1.3: {}

  fast-uri@3.1.5: {}

  fs-minipass@3.0.3:
    dependencies:
      minipass: 7.1.3
    optional: true

  fsevents@2.3.2:
    optional: true

  glob@13.0.6:
    dependencies:
      minimatch: 10.2.6
      minipass: 7.1.3
      path-scurry: 2.0.2
    optional: true

  hachure@0.15.0: {}

  http-cache-semantics@4.2.0:
    optional: true

  http-proxy-agent@9.1.0:
    dependencies:
      agent-base: 9.0.0
      debug: 4.4.3
      proxy-agent-negotiate: 1.1.0
    transitivePeerDependencies:
      - kerberos
      - supports-color
    optional: true

  https-proxy-agent@9.1.0:
    dependencies:
      agent-base: 9.0.0
      debug: 4.4.3
      proxy-agent-negotiate: 1.1.0
    transitivePeerDependencies:
      - kerberos
      - supports-color
    optional: true

  iconv-lite@0.7.3:
    dependencies:
      safer-buffer: 2.1.2
    optional: true

  ip-address@10.4.0:
    optional: true

  json-schema-traverse@1.0.0: {}

  lru-cache@11.5.2:
    optional: true

  make-fetch-happen@16.0.1:
    dependencies:
      '@gar/promise-retry': 1.0.3
      '@npmcli/agent': 5.0.2
      '@npmcli/redact': 5.0.0
      cacache: 21.0.1
      http-cache-semantics: 4.2.0
      minipass: 7.1.3
      minipass-fetch: 6.0.0
      minipass-flush: 1.0.7
      minipass-pipeline: 1.2.4
      negotiator: 1.0.0
      proc-log: 7.0.0
      ssri: 14.0.0
    transitivePeerDependencies:
      - kerberos
      - supports-color
    optional: true

  marked@16.4.2: {}

  minimatch@10.2.6:
    dependencies:
      brace-expansion: 5.0.9
    optional: true

  minipass-collect@2.0.1:
    dependencies:
      minipass: 7.1.3
    optional: true

  minipass-fetch@6.0.0:
    dependencies:
      minipass: 7.1.3
      minipass-sized: 2.0.0
      minizlib: 3.1.0
    optionalDependencies:
      iconv-lite: 0.7.3
    optional: true

  minipass-flush@1.0.7:
    dependencies:
      minipass: 3.3.6
    optional: true

  minipass-pipeline@1.2.4:
    dependencies:
      minipass: 3.3.6
    optional: true

  minipass-sized@2.0.0:
    dependencies:
      minipass: 7.1.3
    optional: true

  minipass@3.3.6:
    dependencies:
      yallist: 4.0.0
    optional: true

  minipass@7.1.3:
    optional: true

  minizlib@3.1.0:
    dependencies:
      minipass: 7.1.3
    optional: true

  ms@2.1.3:
    optional: true

  negotiator@1.0.0:
    optional: true

  p-map@7.0.6:
    optional: true

  path-scurry@2.0.2:
    dependencies:
      lru-cache: 11.5.2
      minipass: 7.1.3
    optional: true

  playwright-core@1.60.0: {}

  playwright@1.60.0:
    dependencies:
      playwright-core: 1.60.0
    optionalDependencies:
      fsevents: 2.3.2

  proc-log@7.0.0:
    optional: true

  proxy-agent-negotiate@1.1.0:
    optional: true

  react@19.2.7: {}

  require-from-string@2.0.2: {}

  safer-buffer@2.1.2:
    optional: true

  semver@7.8.5:
    optional: true

  smart-buffer@4.2.0:
    optional: true

  socks-proxy-agent@10.1.0:
    dependencies:
      agent-base: 9.0.0
      debug: 4.4.3
      socks: 2.8.9
    transitivePeerDependencies:
      - supports-color
    optional: true

  socks@2.8.9:
    dependencies:
      ip-address: 10.4.0
      smart-buffer: 4.2.0
    optional: true

  ssri@14.0.0:
    dependencies:
      minipass: 7.1.3
    optional: true

  typescript@6.0.3: {}

  undici-types@7.24.6: {}

  yallist@4.0.0:
    optional: true
